
Microsoft Visual Studio Solution File, Format Version 12.00
# Visual Studio Version 17
VisualStudioVersion = 17.5.33414.496
MinimumVisualStudioVersion = 10.0.40219.1
Project("{FAE04EC0-301F-11D3-BF4B-00C04F79EFBC}") = "Matching Game", "Matching Game\Matching Game.csproj", "{9147FBEC-EF22-43E0-8058-FDAC482A8CEE}"
EndProject
Global
	GlobalSection(SolutionConfigurationPlatforms) = preSolution
		Debug|Any CPU = Debug|Any CPU
		Release|Any CPU = Release|Any CPU
	EndGlobalSection
	GlobalSection(ProjectConfigurationPlatforms) = postSolution
		{9147FBEC-EF22-43E0-8058-FDAC482A8CEE}.Debug|Any CPU.ActiveCfg = Debug|Any CPU
		{9147FBEC-EF22-43E0-8058-FDAC482A8CEE}.Debug|Any CPU.Build.0 = Debug|Any CPU
		{9147FBEC-EF22-43E0-8058-FDAC482A8CEE}.Release|Any CPU.ActiveCfg = Release|Any CPU
		{9147FBEC-EF22-43E0-8058-FDAC482A8CEE}.Release|Any CPU.Build.0 = Release|Any CPU
	EndGlobalSection
	GlobalSection(SolutionProperties) = preSolution
		HideSolutionNode = FALSE
	EndGlobalSection
	GlobalSection(ExtensibilityGlobals) = postSolution
		SolutionGuid = {61D74E67-B075-4C9E-BC3E-246EF47125CB}
	EndGlobalSection
EndGlobal
